// !$*UTF8*$!
{
	archiveVersion = 1;
	classes = {
	};
	objectVersion = 50;
	objects = {

/* Begin PBXBuildFile section */
		55F1AFF3229CD2F300560B8A /* AppDelegate.swift in Sources */ = {isa = PBXBuildFile; fileRef = 55F1AFF2229CD2F300560B8A /* AppDelegate.swift */; };
		55F1AFFA229CD2F300560B8A /* Assets.xcassets in Resources */ = {isa = PBXBuildFile; fileRef = 55F1AFF9229CD2F300560B8A /* Assets.xcassets */; };
		55F1AFFD229CD2F300560B8A /* LaunchScreen.storyboard in Resources */ = {isa = PBXBuildFile; fileRef = 55F1AFFB229CD2F300560B8A /* LaunchScreen.storyboard */; };
		55F1B006229CD42900560B8A /* TransitionPresentable.swift in Sources */ = {isa = PBXBuildFile; fileRef = 55F1B005229CD42900560B8A /* TransitionPresentable.swift */; };
		55F1B009229CD43800560B8A /* ViewConstructor.swift in Sources */ = {isa = PBXBuildFile; fileRef = 55F1B008229CD43800560B8A /* ViewConstructor.swift */; };
		55F1B017229CD44000560B8A /* OnboardingModalViewController.swift in Sources */ = {isa = PBXBuildFile; fileRef = 55F1B00C229CD44000560B8A /* OnboardingModalViewController.swift */; };
		55F1B018229CD44000560B8A /* HomeViewController.swift in Sources */ = {isa = PBXBuildFile; fileRef = 55F1B00D229CD44000560B8A /* HomeViewController.swift */; };
		55F1B019229CD44000560B8A /* UserCellReactor.swift in Sources */ = {isa = PBXBuildFile; fileRef = 55F1B00F229CD44000560B8A /* UserCellReactor.swift */; };
		55F1B01A229CD44000560B8A /* UserCell.swift in Sources */ = {isa = PBXBuildFile; fileRef = 55F1B010229CD44000560B8A /* UserCell.swift */; };
		55F1B01B229CD44000560B8A /* HomeViewReactor.swift in Sources */ = {isa = PBXBuildFile; fileRef = 55F1B011229CD44000560B8A /* HomeViewReactor.swift */; };
		55F1B01E229CD44000560B8A /* TextStyle.swift in Sources */ = {isa = PBXBuildFile; fileRef = 55F1B016229CD44000560B8A /* TextStyle.swift */; };
		55F1B024229CD44600560B8A /* DeviceSize.swift in Sources */ = {isa = PBXBuildFile; fileRef = 55F1B020229CD44500560B8A /* DeviceSize.swift */; };
		55F1B025229CD44600560B8A /* AnalysisManager.swift in Sources */ = {isa = PBXBuildFile; fileRef = 55F1B021229CD44500560B8A /* AnalysisManager.swift */; };
		55F1B026229CD44600560B8A /* Prefetcher.swift in Sources */ = {isa = PBXBuildFile; fileRef = 55F1B022229CD44500560B8A /* Prefetcher.swift */; };
		55F1B027229CD44600560B8A /* Color.swift in Sources */ = {isa = PBXBuildFile; fileRef = 55F1B023229CD44500560B8A /* Color.swift */; };
		55F1B02E229CD45500560B8A /* User.swift in Sources */ = {isa = PBXBuildFile; fileRef = 55F1B02A229CD45500560B8A /* User.swift */; };
		55F1B02F229CD45500560B8A /* UserStore.swift in Sources */ = {isa = PBXBuildFile; fileRef = 55F1B02C229CD45500560B8A /* UserStore.swift */; };
		55F1B030229CD45500560B8A /* DefaultsKeys.swift in Sources */ = {isa = PBXBuildFile; fileRef = 55F1B02D229CD45500560B8A /* DefaultsKeys.swift */; };
		55F1B039229CD45A00560B8A /* UIColor+Extension.swift in Sources */ = {isa = PBXBuildFile; fileRef = 55F1B032229CD45A00560B8A /* UIColor+Extension.swift */; };
		55F1B03A229CD45A00560B8A /* UIButton+Extension.swift in Sources */ = {isa = PBXBuildFile; fileRef = 55F1B033229CD45A00560B8A /* UIButton+Extension.swift */; };
		55F1B03B229CD45A00560B8A /* UIView+Extension.swift in Sources */ = {isa = PBXBuildFile; fileRef = 55F1B034229CD45A00560B8A /* UIView+Extension.swift */; };
		55F1B03C229CD45A00560B8A /* String+Extension.swift in Sources */ = {isa = PBXBuildFile; fileRef = 55F1B035229CD45A00560B8A /* String+Extension.swift */; };
		55F1B03D229CD45A00560B8A /* ReactorKitView.swift in Sources */ = {isa = PBXBuildFile; fileRef = 55F1B036229CD45A00560B8A /* ReactorKitView.swift */; };
		55F1B03E229CD45A00560B8A /* Observable+Optional.swift in Sources */ = {isa = PBXBuildFile; fileRef = 55F1B038229CD45A00560B8A /* Observable+Optional.swift */; };
/* End PBXBuildFile section */

/* Begin PBXFileReference section */
		55F1AFEF229CD2F300560B8A /* my-template.app */ = {isa = PBXFileReference; explicitFileType = wrapper.application; includeInIndex = 0; path = "my-template.app"; sourceTree = BUILT_PRODUCTS_DIR; };
		55F1AFF2229CD2F300560B8A /* AppDelegate.swift */ = {isa = PBXFileReference; lastKnownFileType = sourcecode.swift; path = AppDelegate.swift; sourceTree = "<group>"; };
		55F1AFF9229CD2F300560B8A /* Assets.xcassets */ = {isa = PBXFileReference; lastKnownFileType = folder.assetcatalog; path = Assets.xcassets; sourceTree = "<group>"; };
		55F1AFFC229CD2F300560B8A /* Base */ = {isa = PBXFileReference; lastKnownFileType = file.storyboard; name = Base; path = Base.lproj/LaunchScreen.storyboard; sourceTree = "<group>"; };
		55F1AFFE229CD2F300560B8A /* Info.plist */ = {isa = PBXFileReference; lastKnownFileType = text.plist.xml; path = Info.plist; sourceTree = "<group>"; };
		55F1B005229CD42900560B8A /* TransitionPresentable.swift */ = {isa = PBXFileReference; fileEncoding = 4; lastKnownFileType = sourcecode.swift; path = TransitionPresentable.swift; sourceTree = "<group>"; };
		55F1B008229CD43800560B8A /* ViewConstructor.swift */ = {isa = PBXFileReference; fileEncoding = 4; lastKnownFileType = sourcecode.swift; path = ViewConstructor.swift; sourceTree = "<group>"; };
		55F1B00C229CD44000560B8A /* OnboardingModalViewController.swift */ = {isa = PBXFileReference; fileEncoding = 4; lastKnownFileType = sourcecode.swift; path = OnboardingModalViewController.swift; sourceTree = "<group>"; };
		55F1B00D229CD44000560B8A /* HomeViewController.swift */ = {isa = PBXFileReference; fileEncoding = 4; lastKnownFileType = sourcecode.swift; path = HomeViewController.swift; sourceTree = "<group>"; };
		55F1B00F229CD44000560B8A /* UserCellReactor.swift */ = {isa = PBXFileReference; fileEncoding = 4; lastKnownFileType = sourcecode.swift; path = UserCellReactor.swift; sourceTree = "<group>"; };
		55F1B010229CD44000560B8A /* UserCell.swift */ = {isa = PBXFileReference; fileEncoding = 4; lastKnownFileType = sourcecode.swift; path = UserCell.swift; sourceTree = "<group>"; };
		55F1B011229CD44000560B8A /* HomeViewReactor.swift */ = {isa = PBXFileReference; fileEncoding = 4; lastKnownFileType = sourcecode.swift; path = HomeViewReactor.swift; sourceTree = "<group>"; };
		55F1B016229CD44000560B8A /* TextStyle.swift */ = {isa = PBXFileReference; fileEncoding = 4; lastKnownFileType = sourcecode.swift; path = TextStyle.swift; sourceTree = "<group>"; };
		55F1B020229CD44500560B8A /* DeviceSize.swift */ = {isa = PBXFileReference; fileEncoding = 4; lastKnownFileType = sourcecode.swift; path = DeviceSize.swift; sourceTree = "<group>"; };
		55F1B021229CD44500560B8A /* AnalysisManager.swift */ = {isa = PBXFileReference; fileEncoding = 4; lastKnownFileType = sourcecode.swift; path = AnalysisManager.swift; sourceTree = "<group>"; };
		55F1B022229CD44500560B8A /* Prefetcher.swift */ = {isa = PBXFileReference; fileEncoding = 4; lastKnownFileType = sourcecode.swift; path = Prefetcher.swift; sourceTree = "<group>"; };
		55F1B023229CD44500560B8A /* Color.swift */ = {isa = PBXFileReference; fileEncoding = 4; lastKnownFileType = sourcecode.swift; path = Color.swift; sourceTree = "<group>"; };
		55F1B02A229CD45500560B8A /* User.swift */ = {isa = PBXFileReference; fileEncoding = 4; lastKnownFileType = sourcecode.swift; path = User.swift; sourceTree = "<group>"; };
		55F1B02C229CD45500560B8A /* UserStore.swift */ = {isa = PBXFileReference; fileEncoding = 4; lastKnownFileType = sourcecode.swift; path = UserStore.swift; sourceTree = "<group>"; };
		55F1B02D229CD45500560B8A /* DefaultsKeys.swift */ = {isa = PBXFileReference; fileEncoding = 4; lastKnownFileType = sourcecode.swift; path = DefaultsKeys.swift; sourceTree = "<group>"; };
		55F1B032229CD45A00560B8A /* UIColor+Extension.swift */ = {isa = PBXFileReference; fileEncoding = 4; lastKnownFileType = sourcecode.swift; path = "UIColor+Extension.swift"; sourceTree = "<group>"; };
		55F1B033229CD45A00560B8A /* UIButton+Extension.swift */ = {isa = PBXFileReference; fileEncoding = 4; lastKnownFileType = sourcecode.swift; path = "UIButton+Extension.swift"; sourceTree = "<group>"; };
		55F1B034229CD45A00560B8A /* UIView+Extension.swift */ = {isa = PBXFileReference; fileEncoding = 4; lastKnownFileType = sourcecode.swift; path = "UIView+Extension.swift"; sourceTree = "<group>"; };
		55F1B035229CD45A00560B8A /* String+Extension.swift */ = {isa = PBXFileReference; fileEncoding = 4; lastKnownFileType = sourcecode.swift; path = "String+Extension.swift"; sourceTree = "<group>"; };
		55F1B036229CD45A00560B8A /* ReactorKitView.swift */ = {isa = PBXFileReference; fileEncoding = 4; lastKnownFileType = sourcecode.swift; path = ReactorKitView.swift; sourceTree = "<group>"; };
		55F1B038229CD45A00560B8A /* Observable+Optional.swift */ = {isa = PBXFileReference; fileEncoding = 4; lastKnownFileType = sourcecode.swift; path = "Observable+Optional.swift"; sourceTree = "<group>"; };
/* End PBXFileReference section */

/* Begin PBXFrameworksBuildPhase section */
		55F1AFEC229CD2F300560B8A /* Frameworks */ = {
			isa = PBXFrameworksBuildPhase;
			buildActionMask = 2147483647;
			files = (
			);
			runOnlyForDeploymentPostprocessing = 0;
		};
/* End PBXFrameworksBuildPhase section */

/* Begin PBXGroup section */
		55F1AFE6229CD2F300560B8A = {
			isa = PBXGroup;
			children = (
				55F1AFF1229CD2F300560B8A /* my-template */,
				55F1AFF0229CD2F300560B8A /* Products */,
			);
			sourceTree = "<group>";
		};
		55F1AFF0229CD2F300560B8A /* Products */ = {
			isa = PBXGroup;
			children = (
				55F1AFEF229CD2F300560B8A /* my-template.app */,
			);
			name = Products;
			sourceTree = "<group>";
		};
		55F1AFF1229CD2F300560B8A /* my-template */ = {
			isa = PBXGroup;
			children = (
				55F1B004229CD42900560B8A /* Presentable */,
				55F1B007229CD43800560B8A /* Protocol */,
				55F1B00A229CD44000560B8A /* UI */,
				55F1B01F229CD44500560B8A /* Utility */,
				55F1B028229CD45500560B8A /* BussinessLogic */,
				55F1B031229CD45A00560B8A /* Extension */,
				55F1AFF2229CD2F300560B8A /* AppDelegate.swift */,
				55F1AFFB229CD2F300560B8A /* LaunchScreen.storyboard */,
				55F1AFF9229CD2F300560B8A /* Assets.xcassets */,
				55F1AFFE229CD2F300560B8A /* Info.plist */,
			);
			path = "my-template";
			sourceTree = "<group>";
		};
		55F1B004229CD42900560B8A /* Presentable */ = {
			isa = PBXGroup;
			children = (
				55F1B005229CD42900560B8A /* TransitionPresentable.swift */,
			);
			path = Presentable;
			sourceTree = "<group>";
		};
		55F1B007229CD43800560B8A /* Protocol */ = {
			isa = PBXGroup;
			children = (
				55F1B008229CD43800560B8A /* ViewConstructor.swift */,
			);
			path = Protocol;
			sourceTree = "<group>";
		};
		55F1B00A229CD44000560B8A /* UI */ = {
			isa = PBXGroup;
			children = (
				55F1B00B229CD44000560B8A /* Home */,
				55F1B015229CD44000560B8A /* Utility */,
			);
			path = UI;
			sourceTree = "<group>";
		};
		55F1B00B229CD44000560B8A /* Home */ = {
			isa = PBXGroup;
			children = (
				55F1B00C229CD44000560B8A /* OnboardingModalViewController.swift */,
				55F1B00D229CD44000560B8A /* HomeViewController.swift */,
				55F1B011229CD44000560B8A /* HomeViewReactor.swift */,
				55F1B00E229CD44000560B8A /* Cell */,
			);
			path = Home;
			sourceTree = "<group>";
		};
		55F1B00E229CD44000560B8A /* Cell */ = {
			isa = PBXGroup;
			children = (
				55F1B00F229CD44000560B8A /* UserCellReactor.swift */,
				55F1B010229CD44000560B8A /* UserCell.swift */,
			);
			path = Cell;
			sourceTree = "<group>";
		};
		55F1B015229CD44000560B8A /* Utility */ = {
			isa = PBXGroup;
			children = (
				55F1B016229CD44000560B8A /* TextStyle.swift */,
			);
			path = Utility;
			sourceTree = "<group>";
		};
		55F1B01F229CD44500560B8A /* Utility */ = {
			isa = PBXGroup;
			children = (
				55F1B020229CD44500560B8A /* DeviceSize.swift */,
				55F1B021229CD44500560B8A /* AnalysisManager.swift */,
				55F1B022229CD44500560B8A /* Prefetcher.swift */,
				55F1B023229CD44500560B8A /* Color.swift */,
			);
			path = Utility;
			sourceTree = "<group>";
		};
		55F1B028229CD45500560B8A /* BussinessLogic */ = {
			isa = PBXGroup;
			children = (
				55F1B029229CD45500560B8A /* Model */,
				55F1B02B229CD45500560B8A /* Store */,
			);
			path = BussinessLogic;
			sourceTree = "<group>";
		};
		55F1B029229CD45500560B8A /* Model */ = {
			isa = PBXGroup;
			children = (
				55F1B02A229CD45500560B8A /* User.swift */,
			);
			path = Model;
			sourceTree = "<group>";
		};
		55F1B02B229CD45500560B8A /* Store */ = {
			isa = PBXGroup;
			children = (
				55F1B02C229CD45500560B8A /* UserStore.swift */,
				55F1B02D229CD45500560B8A /* DefaultsKeys.swift */,
			);
			path = Store;
			sourceTree = "<group>";
		};
		55F1B031229CD45A00560B8A /* Extension */ = {
			isa = PBXGroup;
			children = (
				55F1B032229CD45A00560B8A /* UIColor+Extension.swift */,
				55F1B033229CD45A00560B8A /* UIButton+Extension.swift */,
				55F1B034229CD45A00560B8A /* UIView+Extension.swift */,
				55F1B035229CD45A00560B8A /* String+Extension.swift */,
				55F1B036229CD45A00560B8A /* ReactorKitView.swift */,
				55F1B037229CD45A00560B8A /* Rx */,
			);
			path = Extension;
			sourceTree = "<group>";
		};
		55F1B037229CD45A00560B8A /* Rx */ = {
			isa = PBXGroup;
			children = (
				55F1B038229CD45A00560B8A /* Observable+Optional.swift */,
			);
			path = Rx;
			sourceTree = "<group>";
		};
/* End PBXGroup section */

/* Begin PBXNativeTarget section */
		55F1AFEE229CD2F300560B8A /* my-template */ = {
			isa = PBXNativeTarget;
			buildConfigurationList = 55F1B001229CD2F300560B8A /* Build configuration list for PBXNativeTarget "my-template" */;
			buildPhases = (
				55F1AFEB229CD2F300560B8A /* Sources */,
				55F1AFEC229CD2F300560B8A /* Frameworks */,
				55F1AFED229CD2F300560B8A /* Resources */,
			);
			buildRules = (
			);
			dependencies = (
			);
			name = "my-template";
			productName = "my-template";
			productReference = 55F1AFEF229CD2F300560B8A /* my-template.app */;
			productType = "com.apple.product-type.application";
		};
/* End PBXNativeTarget section */

/* Begin PBXProject section */
		55F1AFE7229CD2F300560B8A /* Project object */ = {
			isa = PBXProject;
			attributes = {
				LastSwiftUpdateCheck = 1020;
				LastUpgradeCheck = 1020;
				ORGANIZATIONNAME = Tomozip;
				TargetAttributes = {
					55F1AFEE229CD2F300560B8A = {
						CreatedOnToolsVersion = 10.2.1;
					};
				};
			};
			buildConfigurationList = 55F1AFEA229CD2F300560B8A /* Build configuration list for PBXProject "my-template" */;
			compatibilityVersion = "Xcode 9.3";
			developmentRegion = en;
			hasScannedForEncodings = 0;
			knownRegions = (
				en,
				Base,
			);
			mainGroup = 55F1AFE6229CD2F300560B8A;
			productRefGroup = 55F1AFF0229CD2F300560B8A /* Products */;
			projectDirPath = "";
			projectRoot = "";
			targets = (
				55F1AFEE229CD2F300560B8A /* my-template */,
			);
		};
/* End PBXProject section */

/* Begin PBXResourcesBuildPhase section */
		55F1AFED229CD2F300560B8A /* Resources */ = {
			isa = PBXResourcesBuildPhase;
			buildActionMask = 2147483647;
			files = (
				55F1AFFD229CD2F300560B8A /* LaunchScreen.storyboard in Resources */,
				55F1AFFA229CD2F300560B8A /* Assets.xcassets in Resources */,
			);
			runOnlyForDeploymentPostprocessing = 0;
		};
/* End PBXResourcesBuildPhase section */

/* Begin PBXSourcesBuildPhase section */
		55F1AFEB229CD2F300560B8A /* Sources */ = {
			isa = PBXSourcesBuildPhase;
			buildActionMask = 2147483647;
			files = (
				55F1B03B229CD45A00560B8A /* UIView+Extension.swift in Sources */,
				55F1B03E229CD45A00560B8A /* Observable+Optional.swift in Sources */,
				55F1B01E229CD44000560B8A /* TextStyle.swift in Sources */,
				55F1B03D229CD45A00560B8A /* ReactorKitView.swift in Sources */,
				55F1B01A229CD44000560B8A /* UserCell.swift in Sources */,
				55F1B024229CD44600560B8A /* DeviceSize.swift in Sources */,
				55F1B026229CD44600560B8A /* Prefetcher.swift in Sources */,
				55F1B017229CD44000560B8A /* OnboardingModalViewController.swift in Sources */,
				55F1B027229CD44600560B8A /* Color.swift in Sources */,
				55F1B02F229CD45500560B8A /* UserStore.swift in Sources */,
				55F1B02E229CD45500560B8A /* User.swift in Sources */,
				55F1B01B229CD44000560B8A /* HomeViewReactor.swift in Sources */,
				55F1B019229CD44000560B8A /* UserCellReactor.swift in Sources */,
				55F1B03C229CD45A00560B8A /* String+Extension.swift in Sources */,
				55F1B009229CD43800560B8A /* ViewConstructor.swift in Sources */,
				55F1B025229CD44600560B8A /* AnalysisManager.swift in Sources */,
				55F1B030229CD45500560B8A /* DefaultsKeys.swift in Sources */,
				55F1AFF3229CD2F300560B8A /* AppDelegate.swift in Sources */,
				55F1B006229CD42900560B8A /* TransitionPresentable.swift in Sources */,
				55F1B018229CD44000560B8A /* HomeViewController.swift in Sources */,
				55F1B039229CD45A00560B8A /* UIColor+Extension.swift in Sources */,
				55F1B03A229CD45A00560B8A /* UIButton+Extension.swift in Sources */,
			);
			runOnlyForDeploymentPostprocessing = 0;
		};
/* End PBXSourcesBuildPhase section */

/* Begin PBXVariantGroup section */
		55F1AFFB229CD2F300560B8A /* LaunchScreen.storyboard */ = {
			isa = PBXVariantGroup;
			children = (
				55F1AFFC229CD2F300560B8A /* Base */,
			);
			name = LaunchScreen.storyboard;
			sourceTree = "<group>";
		};
/* End PBXVariantGroup section */

/* Begin XCBuildConfiguration section */
		55F1AFFF229CD2F300560B8A /* Debug */ = {
			isa = XCBuildConfiguration;
			buildSettings = {
				ALWAYS_SEARCH_USER_PATHS = NO;
				CLANG_ANALYZER_NONNULL = YES;
				CLANG_ANALYZER_NUMBER_OBJECT_CONVERSION = YES_AGGRESSIVE;
				CLANG_CXX_LANGUAGE_STANDARD = "gnu++14";
				CLANG_CXX_LIBRARY = "libc++";
				CLANG_ENABLE_MODULES = YES;
				CLANG_ENABLE_OBJC_ARC = YES;
				CLANG_ENABLE_OBJC_WEAK = YES;
				CLANG_WARN_BLOCK_CAPTURE_AUTORELEASING = YES;
				CLANG_WARN_BOOL_CONVERSION = YES;
				CLANG_WARN_COMMA = YES;
				CLANG_WARN_CONSTANT_CONVERSION = YES;
				CLANG_WARN_DEPRECATED_OBJC_IMPLEMENTATIONS = YES;
				CLANG_WARN_DIRECT_OBJC_ISA_USAGE = YES_ERROR;
				CLANG_WARN_DOCUMENTATION_COMMENTS = YES;
				CLANG_WARN_EMPTY_BODY = YES;
				CLANG_WARN_ENUM_CONVERSION = YES;
				CLANG_WARN_INFINITE_RECURSION = YES;
				CLANG_WARN_INT_CONVERSION = YES;
				CLANG_WARN_NON_LITERAL_NULL_CONVERSION = YES;
				CLANG_WARN_OBJC_IMPLICIT_RETAIN_SELF = YES;
				CLANG_WARN_OBJC_LITERAL_CONVERSION = YES;
				CLANG_WARN_OBJC_ROOT_CLASS = YES_ERROR;
				CLANG_WARN_RANGE_LOOP_ANALYSIS = YES;
				CLANG_WARN_STRICT_PROTOTYPES = YES;
				CLANG_WARN_SUSPICIOUS_MOVE = YES;
				CLANG_WARN_UNGUARDED_AVAILABILITY = YES_AGGRESSIVE;
				CLANG_WARN_UNREACHABLE_CODE = YES;
				CLANG_WARN__DUPLICATE_METHOD_MATCH = YES;
				CODE_SIGN_IDENTITY = "iPhone Developer";
				COPY_PHASE_STRIP = NO;
				DEBUG_INFORMATION_FORMAT = dwarf;
				ENABLE_STRICT_OBJC_MSGSEND = YES;
				ENABLE_TESTABILITY = YES;
				GCC_C_LANGUAGE_STANDARD = gnu11;
				GCC_DYNAMIC_NO_PIC = NO;
				GCC_NO_COMMON_BLOCKS = YES;
				GCC_OPTIMIZATION_LEVEL = 0;
				GCC_PREPROCESSOR_DEFINITIONS = (
					"DEBUG=1",
					"$(inherited)",
				);
				GCC_WARN_64_TO_32_BIT_CONVERSION = YES;
				GCC_WARN_ABOUT_RETURN_TYPE = YES_ERROR;
				GCC_WARN_UNDECLARED_SELECTOR = YES;
				GCC_WARN_UNINITIALIZED_AUTOS = YES_AGGRESSIVE;
				GCC_WARN_UNUSED_FUNCTION = YES;
				GCC_WARN_UNUSED_VARIABLE = YES;
				IPHONEOS_DEPLOYMENT_TARGET = 12.2;
				MTL_ENABLE_DEBUG_INFO = INCLUDE_SOURCE;
				MTL_FAST_MATH = YES;
				ONLY_ACTIVE_ARCH = YES;
				SDKROOT = iphoneos;
				SWIFT_ACTIVE_COMPILATION_CONDITIONS = DEBUG;
				SWIFT_OPTIMIZATION_LEVEL = "-Onone";
			};
			name = Debug;
		};
		55F1B000229CD2F300560B8A /* Release */ = {
			isa = XCBuildConfiguration;
			buildSettings = {
				ALWAYS_SEARCH_USER_PATHS = NO;
				CLANG_ANALYZER_NONNULL = YES;
				CLANG_ANALYZER_NUMBER_OBJECT_CONVERSION = YES_AGGRESSIVE;
				CLANG_CXX_LANGUAGE_STANDARD = "gnu++14";
				CLANG_CXX_LIBRARY = "libc++";
				CLANG_ENABLE_MODULES = YES;
				CLANG_ENABLE_OBJC_ARC = YES;
				CLANG_ENABLE_OBJC_WEAK = YES;
				CLANG_WARN_BLOCK_CAPTURE_AUTORELEASING = YES;
				CLANG_WARN_BOOL_CONVERSION = YES;
				CLANG_WARN_COMMA = YES;
				CLANG_WARN_CONSTANT_CONVERSION = YES;
				CLANG_WARN_DEPRECATED_OBJC_IMPLEMENTATIONS = YES;
				CLANG_WARN_DIRECT_OBJC_ISA_USAGE = YES_ERROR;
				CLANG_WARN_DOCUMENTATION_COMMENTS = YES;
				CLANG_WARN_EMPTY_BODY = YES;
				CLANG_WARN_ENUM_CONVERSION = YES;
				CLANG_WARN_INFINITE_RECURSION = YES;
				CLANG_WARN_INT_CONVERSION = YES;
				CLANG_WARN_NON_LITERAL_NULL_CONVERSION = YES;
				CLANG_WARN_OBJC_IMPLICIT_RETAIN_SELF = YES;
				CLANG_WARN_OBJC_LITERAL_CONVERSION = YES;
				CLANG_WARN_OBJC_ROOT_CLASS = YES_ERROR;
				CLANG_WARN_RANGE_LOOP_ANALYSIS = YES;
				CLANG_WARN_STRICT_PROTOTYPES = YES;
				CLANG_WARN_SUSPICIOUS_MOVE = YES;
				CLANG_WARN_UNGUARDED_AVAILABILITY = YES_AGGRESSIVE;
				CLANG_WARN_UNREACHABLE_CODE = YES;
				CLANG_WARN__DUPLICATE_METHOD_MATCH = YES;
				CODE_SIGN_IDENTITY = "iPhone Developer";
				COPY_PHASE_STRIP = NO;
				DEBUG_INFORMATION_FORMAT = "dwarf-with-dsym";
				ENABLE_NS_ASSERTIONS = NO;
				ENABLE_STRICT_OBJC_MSGSEND = YES;
				GCC_C_LANGUAGE_STANDARD = gnu11;
				GCC_NO_COMMON_BLOCKS = YES;
				GCC_WARN_64_TO_32_BIT_CONVERSION = YES;
				GCC_WARN_ABOUT_RETURN_TYPE = YES_ERROR;
				GCC_WARN_UNDECLARED_SELECTOR = YES;
				GCC_WARN_UNINITIALIZED_AUTOS = YES_AGGRESSIVE;
				GCC_WARN_UNUSED_FUNCTION = YES;
				GCC_WARN_UNUSED_VARIABLE = YES;
				IPHONEOS_DEPLOYMENT_TARGET = 12.2;
				MTL_ENABLE_DEBUG_INFO = NO;
				MTL_FAST_MATH = YES;
				SDKROOT = iphoneos;
				SWIFT_COMPILATION_MODE = wholemodule;
				SWIFT_OPTIMIZATION_LEVEL = "-O";
				VALIDATE_PRODUCT = YES;
			};
			name = Release;
		};
		55F1B002229CD2F300560B8A /* Debug */ = {
			isa = XCBuildConfiguration;
			buildSettings = {
				ASSETCATALOG_COMPILER_APPICON_NAME = AppIcon;
				CODE_SIGN_STYLE = Automatic;
				DEVELOPMENT_TEAM = MN5DP9MBB2;
				INFOPLIST_FILE = "my-template/Info.plist";
				LD_RUNPATH_SEARCH_PATHS = (
					"$(inherited)",
					"@executable_path/Frameworks",
				);
				PRODUCT_BUNDLE_IDENTIFIER = "tomozip.my-template";
				PRODUCT_NAME = "$(TARGET_NAME)";
				SWIFT_VERSION = 5.0;
				TARGETED_DEVICE_FAMILY = "1,2";
			};
			name = Debug;
		};
		55F1B003229CD2F300560B8A /* Release */ = {
			isa = XCBuildConfiguration;
			buildSettings = {
				ASSETCATALOG_COMPILER_APPICON_NAME = AppIcon;
				CODE_SIGN_STYLE = Automatic;
				DEVELOPMENT_TEAM = MN5DP9MBB2;
				INFOPLIST_FILE = "my-template/Info.plist";
				LD_RUNPATH_SEARCH_PATHS = (
					"$(inherited)",
					"@executable_path/Frameworks",
				);
				PRODUCT_BUNDLE_IDENTIFIER = "tomozip.my-template";
				PRODUCT_NAME = "$(TARGET_NAME)";
				SWIFT_VERSION = 5.0;
				TARGETED_DEVICE_FAMILY = "1,2";
			};
			name = Release;
		};
/* End XCBuildConfiguration section */

/* Begin XCConfigurationList section */
		55F1AFEA229CD2F300560B8A /* Build configuration list for PBXProject "my-template" */ = {
			isa = XCConfigurationList;
			buildConfigurations = (
				55F1AFFF229CD2F300560B8A /* Debug */,
				55F1B000229CD2F300560B8A /* Release */,
			);
			defaultConfigurationIsVisible = 0;
			defaultConfigurationName = Release;
		};
		55F1B001229CD2F300560B8A /* Build configuration list for PBXNativeTarget "my-template" */ = {
			isa = XCConfigurationList;
			buildConfigurations = (
				55F1B002229CD2F300560B8A /* Debug */,
				55F1B003229CD2F300560B8A /* Release */,
			);
			defaultConfigurationIsVisible = 0;
			defaultConfigurationName = Release;
		};
/* End XCConfigurationList section */
	};
	rootObject = 55F1AFE7229CD2F300560B8A /* Project object */;
}
